
Microsoft Visual Studio Solution File, Format Version 12.00
# Visual Studio Version 17
VisualStudioVersion = 17.0.31903.59
MinimumVisualStudioVersion = 10.0.40219.1
Project("{FAE04EC0-301F-11D3-BF4B-00C04F79EFBC}") = "Breakfast.Contracts", "Breakfast.Contracts\Breakfast.Contracts.csproj", "{70B0F947-F328-44F2-B775-40BAACBBED93}"
EndProject
Project("{FAE04EC0-301F-11D3-BF4B-00C04F79EFBC}") = "Breakfast", "Breakfast\Breakfast.csproj", "{2971E68B-5834-4F89-B2DF-C3AD1EACE751}"
EndProject
Global
	GlobalSection(SolutionConfigurationPlatforms) = preSolution
		Debug|Any CPU = Debug|Any CPU
		Release|Any CPU = Release|Any CPU
	EndGlobalSection
	GlobalSection(SolutionProperties) = preSolution
		HideSolutionNode = FALSE
	EndGlobalSection
	GlobalSection(ProjectConfigurationPlatforms) = postSolution
		{70B0F947-F328-44F2-B775-40BAACBBED93}.Debug|Any CPU.ActiveCfg = Debug|Any CPU
		{70B0F947-F328-44F2-B775-40BAACBBED93}.Debug|Any CPU.Build.0 = Debug|Any CPU
		{70B0F947-F328-44F2-B775-40BAACBBED93}.Release|Any CPU.ActiveCfg = Release|Any CPU
		{70B0F947-F328-44F2-B775-40BAACBBED93}.Release|Any CPU.Build.0 = Release|Any CPU
		{2971E68B-5834-4F89-B2DF-C3AD1EACE751}.Debug|Any CPU.ActiveCfg = Debug|Any CPU
		{2971E68B-5834-4F89-B2DF-C3AD1EACE751}.Debug|Any CPU.Build.0 = Debug|Any CPU
		{2971E68B-5834-4F89-B2DF-C3AD1EACE751}.Release|Any CPU.ActiveCfg = Release|Any CPU
		{2971E68B-5834-4F89-B2DF-C3AD1EACE751}.Release|Any CPU.Build.0 = Release|Any CPU
	EndGlobalSection
EndGlobal
